
Microsoft Visual Studio Solution File, Format Version 12.00
# Visual Studio Version 17
VisualStudioVersion = 17.8.34408.163
MinimumVisualStudioVersion = 10.0.40219.1
Project("{9A19103F-16F7-4668-BE54-9A1E7A4F7556}") = "ApplicationForm", "ApplicationForm.csproj", "{EFEDEF5C-DB0B-4C9E-91DA-281AB83349D8}"
EndProject
Project("{9A19103F-16F7-4668-BE54-9A1E7A4F7556}") = "ApplicationFormTests", "ApplicationFormTests\ApplicationFormTests.csproj", "{2C3CCD2A-C683-4ACE-9979-6061E860EA94}"
EndProject
Global
	GlobalSection(SolutionConfigurationPlatforms) = preSolution
		Debug|Any CPU = Debug|Any CPU
		Release|Any CPU = Release|Any CPU
	EndGlobalSection
	GlobalSection(ProjectConfigurationPlatforms) = postSolution
		{EFEDEF5C-DB0B-4C9E-91DA-281AB83349D8}.Debug|Any CPU.ActiveCfg = Debug|Any CPU
		{EFEDEF5C-DB0B-4C9E-91DA-281AB83349D8}.Debug|Any CPU.Build.0 = Debug|Any CPU
		{EFEDEF5C-DB0B-4C9E-91DA-281AB83349D8}.Release|Any CPU.ActiveCfg = Release|Any CPU
		{EFEDEF5C-DB0B-4C9E-91DA-281AB83349D8}.Release|Any CPU.Build.0 = Release|Any CPU
		{2C3CCD2A-C683-4ACE-9979-6061E860EA94}.Debug|Any CPU.ActiveCfg = Debug|Any CPU
		{2C3CCD2A-C683-4ACE-9979-6061E860EA94}.Debug|Any CPU.Build.0 = Debug|Any CPU
		{2C3CCD2A-C683-4ACE-9979-6061E860EA94}.Release|Any CPU.ActiveCfg = Release|Any CPU
		{2C3CCD2A-C683-4ACE-9979-6061E860EA94}.Release|Any CPU.Build.0 = Release|Any CPU
	EndGlobalSection
	GlobalSection(SolutionProperties) = preSolution
		HideSolutionNode = FALSE
	EndGlobalSection
	GlobalSection(ExtensibilityGlobals) = postSolution
		SolutionGuid = {E8A96803-5B60-4BDD-87DC-7C7022A0477A}
	EndGlobalSection
EndGlobal
